// !$*UTF8*$!
{
	archiveVersion = 1;
	classes = {
	};
	objectVersion = 55;
	objects = {

/* Begin PBXBuildFile section */
		185DF38627F003D10085EDE0 /* Tests_iOS.swift in Sources */ = {isa = PBXBuildFile; fileRef = 185DF38527F003D10085EDE0 /* Tests_iOS.swift */; };
		185DF38827F003D10085EDE0 /* Tests_iOSLaunchTests.swift in Sources */ = {isa = PBXBuildFile; fileRef = 185DF38727F003D10085EDE0 /* Tests_iOSLaunchTests.swift */; };
		185DF39227F003D10085EDE0 /* Tests_macOS.swift in Sources */ = {isa = PBXBuildFile; fileRef = 185DF39127F003D10085EDE0 /* Tests_macOS.swift */; };
		185DF39427F003D10085EDE0 /* Tests_macOSLaunchTests.swift in Sources */ = {isa = PBXBuildFile; fileRef = 185DF39327F003D10085EDE0 /* Tests_macOSLaunchTests.swift */; };
		185DF39527F003D10085EDE0 /* Days100App.swift in Sources */ = {isa = PBXBuildFile; fileRef = 185DF36D27F003CC0085EDE0 /* Days100App.swift */; };
		185DF39627F003D10085EDE0 /* Days100App.swift in Sources */ = {isa = PBXBuildFile; fileRef = 185DF36D27F003CC0085EDE0 /* Days100App.swift */; };
		185DF39727F003D10085EDE0 /* ContentView.swift in Sources */ = {isa = PBXBuildFile; fileRef = 185DF36E27F003CC0085EDE0 /* ContentView.swift */; };
		185DF39827F003D10085EDE0 /* ContentView.swift in Sources */ = {isa = PBXBuildFile; fileRef = 185DF36E27F003CC0085EDE0 /* ContentView.swift */; };
		185DF39927F003D10085EDE0 /* Assets.xcassets in Resources */ = {isa = PBXBuildFile; fileRef = 185DF36F27F003D10085EDE0 /* Assets.xcassets */; };
		185DF39A27F003D10085EDE0 /* Assets.xcassets in Resources */ = {isa = PBXBuildFile; fileRef = 185DF36F27F003D10085EDE0 /* Assets.xcassets */; };
		185DF3AB27F0047D0085EDE0 /* UnitConver.swift in Sources */ = {isa = PBXBuildFile; fileRef = 185DF3AA27F0047D0085EDE0 /* UnitConver.swift */; };
/* End PBXBuildFile section */

/* Begin PBXContainerItemProxy section */
		185DF38227F003D10085EDE0 /* PBXContainerItemProxy */ = {
			isa = PBXContainerItemProxy;
			containerPortal = 185DF36827F003CC0085EDE0 /* Project object */;
			proxyType = 1;
			remoteGlobalIDString = 185DF37327F003D10085EDE0;
			remoteInfo = "100Days (iOS)";
		};
		185DF38E27F003D10085EDE0 /* PBXContainerItemProxy */ = {
			isa = PBXContainerItemProxy;
			containerPortal = 185DF36827F003CC0085EDE0 /* Project object */;
			proxyType = 1;
			remoteGlobalIDString = 185DF37927F003D10085EDE0;
			remoteInfo = "100Days (macOS)";
		};
/* End PBXContainerItemProxy section */

/* Begin PBXFileReference section */
		185DF36D27F003CC0085EDE0 /* Days100App.swift */ = {isa = PBXFileReference; lastKnownFileType = sourcecode.swift; path = Days100App.swift; sourceTree = "<group>"; };
		185DF36E27F003CC0085EDE0 /* ContentView.swift */ = {isa = PBXFileReference; lastKnownFileType = sourcecode.swift; path = ContentView.swift; sourceTree = "<group>"; };
		185DF36F27F003D10085EDE0 /* Assets.xcassets */ = {isa = PBXFileReference; lastKnownFileType = folder.assetcatalog; path = Assets.xcassets; sourceTree = "<group>"; };
		185DF37427F003D10085EDE0 /* 100Days.app */ = {isa = PBXFileReference; explicitFileType = wrapper.application; includeInIndex = 0; path = 100Days.app; sourceTree = BUILT_PRODUCTS_DIR; };
		185DF37A27F003D10085EDE0 /* 100Days.app */ = {isa = PBXFileReference; explicitFileType = wrapper.application; includeInIndex = 0; path = 100Days.app; sourceTree = BUILT_PRODUCTS_DIR; };
		185DF37C27F003D10085EDE0 /* macOS.entitlements */ = {isa = PBXFileReference; lastKnownFileType = text.plist.entitlements; path = macOS.entitlements; sourceTree = "<group>"; };
		185DF38127F003D10085EDE0 /* Tests iOS.xctest */ = {isa = PBXFileReference; explicitFileType = wrapper.cfbundle; includeInIndex = 0; path = "Tests iOS.xctest"; sourceTree = BUILT_PRODUCTS_DIR; };
		185DF38527F003D10085EDE0 /* Tests_iOS.swift */ = {isa = PBXFileReference; lastKnownFileType = sourcecode.swift; path = Tests_iOS.swift; sourceTree = "<group>"; };
		185DF38727F003D10085EDE0 /* Tests_iOSLaunchTests.swift */ = {isa = PBXFileReference; lastKnownFileType = sourcecode.swift; path = Tests_iOSLaunchTests.swift; sourceTree = "<group>"; };
		185DF38D27F003D10085EDE0 /* Tests macOS.xctest */ = {isa = PBXFileReference; explicitFileType = wrapper.cfbundle; includeInIndex = 0; path = "Tests macOS.xctest"; sourceTree = BUILT_PRODUCTS_DIR; };
		185DF39127F003D10085EDE0 /* Tests_macOS.swift */ = {isa = PBXFileReference; lastKnownFileType = sourcecode.swift; path = Tests_macOS.swift; sourceTree = "<group>"; };
		185DF39327F003D10085EDE0 /* Tests_macOSLaunchTests.swift */ = {isa = PBXFileReference; lastKnownFileType = sourcecode.swift; path = Tests_macOSLaunchTests.swift; sourceTree = "<group>"; };
		185DF3AA27F0047D0085EDE0 /* UnitConver.swift */ = {isa = PBXFileReference; lastKnownFileType = sourcecode.swift; path = UnitConver.swift; sourceTree = "<group>"; };
/* End PBXFileReference section */

/* Begin PBXFrameworksBuildPhase section */
		185DF37127F003D10085EDE0 /* Frameworks */ = {
			isa = PBXFrameworksBuildPhase;
			buildActionMask = 2147483647;
			files = (
			);
			runOnlyForDeploymentPostprocessing = 0;
		};
		185DF37727F003D10085EDE0 /* Frameworks */ = {
			isa = PBXFrameworksBuildPhase;
			buildActionMask = 2147483647;
			files = (
			);
			runOnlyForDeploymentPostprocessing = 0;
		};
		185DF37E27F003D10085EDE0 /* Frameworks */ = {
			isa = PBXFrameworksBuildPhase;
			buildActionMask = 2147483647;
			files = (
			);
			runOnlyForDeploymentPostprocessing = 0;
		};
		185DF38A27F003D10085EDE0 /* Frameworks */ = {
			isa = PBXFrameworksBuildPhase;
			buildActionMask = 2147483647;
			files = (
			);
			runOnlyForDeploymentPostprocessing = 0;
		};
/* End PBXFrameworksBuildPhase section */

/* Begin PBXGroup section */
		185DF36727F003CC0085EDE0 = {
			isa = PBXGroup;
			children = (
				185DF36C27F003CC0085EDE0 /* Shared */,
				185DF37B27F003D10085EDE0 /* macOS */,
				185DF38427F003D10085EDE0 /* Tests iOS */,
				185DF39027F003D10085EDE0 /* Tests macOS */,
				185DF37527F003D10085EDE0 /* Products */,
			);
			sourceTree = "<group>";
		};
		185DF36C27F003CC0085EDE0 /* Shared */ = {
			isa = PBXGroup;
			children = (
				185DF3A927F004260085EDE0 /* Views */,
				185DF36D27F003CC0085EDE0 /* Days100App.swift */,
				185DF36E27F003CC0085EDE0 /* ContentView.swift */,
				185DF36F27F003D10085EDE0 /* Assets.xcassets */,
			);
			path = Shared;
			sourceTree = "<group>";
		};
		185DF37527F003D10085EDE0 /* Products */ = {
			isa = PBXGroup;
			children = (
				185DF37427F003D10085EDE0 /* 100Days.app */,
				185DF37A27F003D10085EDE0 /* 100Days.app */,
				185DF38127F003D10085EDE0 /* Tests iOS.xctest */,
				185DF38D27F003D10085EDE0 /* Tests macOS.xctest */,
			);
			name = Products;
			sourceTree = "<group>";
		};
		185DF37B27F003D10085EDE0 /* macOS */ = {
			isa = PBXGroup;
			children = (
				185DF37C27F003D10085EDE0 /* macOS.entitlements */,
			);
			path = macOS;
			sourceTree = "<group>";
		};
		185DF38427F003D10085EDE0 /* Tests iOS */ = {
			isa = PBXGroup;
			children = (
				185DF38527F003D10085EDE0 /* Tests_iOS.swift */,
				185DF38727F003D10085EDE0 /* Tests_iOSLaunchTests.swift */,
			);
			path = "Tests iOS";
			sourceTree = "<group>";
		};
		185DF39027F003D10085EDE0 /* Tests macOS */ = {
			isa = PBXGroup;
			children = (
				185DF39127F003D10085EDE0 /* Tests_macOS.swift */,
				185DF39327F003D10085EDE0 /* Tests_macOSLaunchTests.swift */,
			);
			path = "Tests macOS";
			sourceTree = "<group>";
		};
		185DF3A927F004260085EDE0 /* Views */ = {
			isa = PBXGroup;
			children = (
				185DF3AA27F0047D0085EDE0 /* UnitConver.swift */,
			);
			path = Views;
			sourceTree = "<group>";
		};
/* End PBXGroup section */

/* Begin PBXNativeTarget section */
		185DF37327F003D10085EDE0 /* 100Days (iOS) */ = {
			isa = PBXNativeTarget;
			buildConfigurationList = 185DF39D27F003D10085EDE0 /* Build configuration list for PBXNativeTarget "100Days (iOS)" */;
			buildPhases = (
				185DF37027F003D10085EDE0 /* Sources */,
				185DF37127F003D10085EDE0 /* Frameworks */,
				185DF37227F003D10085EDE0 /* Resources */,
			);
			buildRules = (
			);
			dependencies = (
			);
			name = "100Days (iOS)";
			productName = "100Days (iOS)";
			productReference = 185DF37427F003D10085EDE0 /* 100Days.app */;
			productType = "com.apple.product-type.application";
		};
		185DF37927F003D10085EDE0 /* 100Days (macOS) */ = {
			isa = PBXNativeTarget;
			buildConfigurationList = 185DF3A027F003D10085EDE0 /* Build configuration list for PBXNativeTarget "100Days (macOS)" */;
			buildPhases = (
				185DF37627F003D10085EDE0 /* Sources */,
				185DF37727F003D10085EDE0 /* Frameworks */,
				185DF37827F003D10085EDE0 /* Resources */,
			);
			buildRules = (
			);
			dependencies = (
			);
			name = "100Days (macOS)";
			productName = "100Days (macOS)";
			productReference = 185DF37A27F003D10085EDE0 /* 100Days.app */;
			productType = "com.apple.product-type.application";
		};
		185DF38027F003D10085EDE0 /* Tests iOS */ = {
			isa = PBXNativeTarget;
			buildConfigurationList = 185DF3A327F003D10085EDE0 /* Build configuration list for PBXNativeTarget "Tests iOS" */;
			buildPhases = (
				185DF37D27F003D10085EDE0 /* Sources */,
				185DF37E27F003D10085EDE0 /* Frameworks */,
				185DF37F27F003D10085EDE0 /* Resources */,
			);
			buildRules = (
			);
			dependencies = (
				185DF38327F003D10085EDE0 /* PBXTargetDependency */,
			);
			name = "Tests iOS";
			productName = "Tests iOS";
			productReference = 185DF38127F003D10085EDE0 /* Tests iOS.xctest */;
			productType = "com.apple.product-type.bundle.ui-testing";
		};
		185DF38C27F003D10085EDE0 /* Tests macOS */ = {
			isa = PBXNativeTarget;
			buildConfigurationList = 185DF3A627F003D10085EDE0 /* Build configuration list for PBXNativeTarget "Tests macOS" */;
			buildPhases = (
				185DF38927F003D10085EDE0 /* Sources */,
				185DF38A27F003D10085EDE0 /* Frameworks */,
				185DF38B27F003D10085EDE0 /* Resources */,
			);
			buildRules = (
			);
			dependencies = (
				185DF38F27F003D10085EDE0 /* PBXTargetDependency */,
			);
			name = "Tests macOS";
			productName = "Tests macOS";
			productReference = 185DF38D27F003D10085EDE0 /* Tests macOS.xctest */;
			productType = "com.apple.product-type.bundle.ui-testing";
		};
/* End PBXNativeTarget section */

/* Begin PBXProject section */
		185DF36827F003CC0085EDE0 /* Project object */ = {
			isa = PBXProject;
			attributes = {
				BuildIndependentTargetsInParallel = 1;
				LastSwiftUpdateCheck = 1330;
				LastUpgradeCheck = 1330;
				TargetAttributes = {
					185DF37327F003D10085EDE0 = {
						CreatedOnToolsVersion = 13.3;
					};
					185DF37927F003D10085EDE0 = {
						CreatedOnToolsVersion = 13.3;
					};
					185DF38027F003D10085EDE0 = {
						CreatedOnToolsVersion = 13.3;
						TestTargetID = 185DF37327F003D10085EDE0;
					};
					185DF38C27F003D10085EDE0 = {
						CreatedOnToolsVersion = 13.3;
						TestTargetID = 185DF37927F003D10085EDE0;
					};
				};
			};
			buildConfigurationList = 185DF36B27F003CC0085EDE0 /* Build configuration list for PBXProject "100Days" */;
			compatibilityVersion = "Xcode 13.0";
			developmentRegion = en;
			hasScannedForEncodings = 0;
			knownRegions = (
				en,
				Base,
			);
			mainGroup = 185DF36727F003CC0085EDE0;
			productRefGroup = 185DF37527F003D10085EDE0 /* Products */;
			projectDirPath = "";
			projectRoot = "";
			targets = (
				185DF37327F003D10085EDE0 /* 100Days (iOS) */,
				185DF37927F003D10085EDE0 /* 100Days (macOS) */,
				185DF38027F003D10085EDE0 /* Tests iOS */,
				185DF38C27F003D10085EDE0 /* Tests macOS */,
			);
		};
/* End PBXProject section */

/* Begin PBXResourcesBuildPhase section */
		185DF37227F003D10085EDE0 /* Resources */ = {
			isa = PBXResourcesBuildPhase;
			buildActionMask = 2147483647;
			files = (
				185DF39927F003D10085EDE0 /* Assets.xcassets in Resources */,
			);
			runOnlyForDeploymentPostprocessing = 0;
		};
		185DF37827F003D10085EDE0 /* Resources */ = {
			isa = PBXResourcesBuildPhase;
			buildActionMask = 2147483647;
			files = (
				185DF39A27F003D10085EDE0 /* Assets.xcassets in Resources */,
			);
			runOnlyForDeploymentPostprocessing = 0;
		};
		185DF37F27F003D10085EDE0 /* Resources */ = {
			isa = PBXResourcesBuildPhase;
			buildActionMask = 2147483647;
			files = (
			);
			runOnlyForDeploymentPostprocessing = 0;
		};
		185DF38B27F003D10085EDE0 /* Resources */ = {
			isa = PBXResourcesBuildPhase;
			buildActionMask = 2147483647;
			files = (
			);
			runOnlyForDeploymentPostprocessing = 0;
		};
/* End PBXResourcesBuildPhase section */

/* Begin PBXSourcesBuildPhase section */
		185DF37027F003D10085EDE0 /* Sources */ = {
			isa = PBXSourcesBuildPhase;
			buildActionMask = 2147483647;
			files = (
				185DF3AB27F0047D0085EDE0 /* UnitConver.swift in Sources */,
				185DF39727F003D10085EDE0 /* ContentView.swift in Sources */,
				185DF39527F003D10085EDE0 /* Days100App.swift in Sources */,
			);
			runOnlyForDeploymentPostprocessing = 0;
		};
		185DF37627F003D10085EDE0 /* Sources */ = {
			isa = PBXSourcesBuildPhase;
			buildActionMask = 2147483647;
			files = (
				185DF39827F003D10085EDE0 /* ContentView.swift in Sources */,
				185DF39627F003D10085EDE0 /* Days100App.swift in Sources */,
			);
			runOnlyForDeploymentPostprocessing = 0;
		};
		185DF37D27F003D10085EDE0 /* Sources */ = {
			isa = PBXSourcesBuildPhase;
			buildActionMask = 2147483647;
			files = (
				185DF38827F003D10085EDE0 /* Tests_iOSLaunchTests.swift in Sources */,
				185DF38627F003D10085EDE0 /* Tests_iOS.swift in Sources */,
			);
			runOnlyForDeploymentPostprocessing = 0;
		};
		185DF38927F003D10085EDE0 /* Sources */ = {
			isa = PBXSourcesBuildPhase;
			buildActionMask = 2147483647;
			files = (
				185DF39427F003D10085EDE0 /* Tests_macOSLaunchTests.swift in Sources */,
				185DF39227F003D10085EDE0 /* Tests_macOS.swift in Sources */,
			);
			runOnlyForDeploymentPostprocessing = 0;
		};
/* End PBXSourcesBuildPhase section */

/* Begin PBXTargetDependency section */
		185DF38327F003D10085EDE0 /* PBXTargetDependency */ = {
			isa = PBXTargetDependency;
			target = 185DF37327F003D10085EDE0 /* 100Days (iOS) */;
			targetProxy = 185DF38227F003D10085EDE0 /* PBXContainerItemProxy */;
		};
		185DF38F27F003D10085EDE0 /* PBXTargetDependency */ = {
			isa = PBXTargetDependency;
			target = 185DF37927F003D10085EDE0 /* 100Days (macOS) */;
			targetProxy = 185DF38E27F003D10085EDE0 /* PBXContainerItemProxy */;
		};
/* End PBXTargetDependency section */

/* Begin XCBuildConfiguration section */
		185DF39B27F003D10085EDE0 /* Debug */ = {
			isa = XCBuildConfiguration;
			buildSettings = {
				ALWAYS_SEARCH_USER_PATHS = NO;
				CLANG_ANALYZER_NONNULL = YES;
				CLANG_ANALYZER_NUMBER_OBJECT_CONVERSION = YES_AGGRESSIVE;
				CLANG_CXX_LANGUAGE_STANDARD = "gnu++17";
				CLANG_ENABLE_MODULES = YES;
				CLANG_ENABLE_OBJC_ARC = YES;
				CLANG_ENABLE_OBJC_WEAK = YES;
				CLANG_WARN_BLOCK_CAPTURE_AUTORELEASING = YES;
				CLANG_WARN_BOOL_CONVERSION = YES;
				CLANG_WARN_COMMA = YES;
				CLANG_WARN_CONSTANT_CONVERSION = YES;
				CLANG_WARN_DEPRECATED_OBJC_IMPLEMENTATIONS = YES;
				CLANG_WARN_DIRECT_OBJC_ISA_USAGE = YES_ERROR;
				CLANG_WARN_DOCUMENTATION_COMMENTS = YES;
				CLANG_WARN_EMPTY_BODY = YES;
				CLANG_WARN_ENUM_CONVERSION = YES;
				CLANG_WARN_INFINITE_RECURSION = YES;
				CLANG_WARN_INT_CONVERSION = YES;
				CLANG_WARN_NON_LITERAL_NULL_CONVERSION = YES;
				CLANG_WARN_OBJC_IMPLICIT_RETAIN_SELF = YES;
				CLANG_WARN_OBJC_LITERAL_CONVERSION = YES;
				CLANG_WARN_OBJC_ROOT_CLASS = YES_ERROR;
				CLANG_WARN_QUOTED_INCLUDE_IN_FRAMEWORK_HEADER = YES;
				CLANG_WARN_RANGE_LOOP_ANALYSIS = YES;
				CLANG_WARN_STRICT_PROTOTYPES = YES;
				CLANG_WARN_SUSPICIOUS_MOVE = YES;
				CLANG_WARN_UNGUARDED_AVAILABILITY = YES_AGGRESSIVE;
				CLANG_WARN_UNREACHABLE_CODE = YES;
				CLANG_WARN__DUPLICATE_METHOD_MATCH = YES;
				COPY_PHASE_STRIP = NO;
				DEBUG_INFORMATION_FORMAT = dwarf;
				ENABLE_STRICT_OBJC_MSGSEND = YES;
				ENABLE_TESTABILITY = YES;
				GCC_C_LANGUAGE_STANDARD = gnu11;
				GCC_DYNAMIC_NO_PIC = NO;
				GCC_NO_COMMON_BLOCKS = YES;
				GCC_OPTIMIZATION_LEVEL = 0;
				GCC_PREPROCESSOR_DEFINITIONS = (
					"DEBUG=1",
					"$(inherited)",
				);
				GCC_WARN_64_TO_32_BIT_CONVERSION = YES;
				GCC_WARN_ABOUT_RETURN_TYPE = YES_ERROR;
				GCC_WARN_UNDECLARED_SELECTOR = YES;
				GCC_WARN_UNINITIALIZED_AUTOS = YES_AGGRESSIVE;
				GCC_WARN_UNUSED_FUNCTION = YES;
				GCC_WARN_UNUSED_VARIABLE = YES;
				MTL_ENABLE_DEBUG_INFO = INCLUDE_SOURCE;
				MTL_FAST_MATH = YES;
				ONLY_ACTIVE_ARCH = YES;
				SWIFT_ACTIVE_COMPILATION_CONDITIONS = DEBUG;
				SWIFT_OPTIMIZATION_LEVEL = "-Onone";
			};
			name = Debug;
		};
		185DF39C27F003D10085EDE0 /* Release */ = {
			isa = XCBuildConfiguration;
			buildSettings = {
				ALWAYS_SEARCH_USER_PATHS = NO;
				CLANG_ANALYZER_NONNULL = YES;
				CLANG_ANALYZER_NUMBER_OBJECT_CONVERSION = YES_AGGRESSIVE;
				CLANG_CXX_LANGUAGE_STANDARD = "gnu++17";
				CLANG_ENABLE_MODULES = YES;
				CLANG_ENABLE_OBJC_ARC = YES;
				CLANG_ENABLE_OBJC_WEAK = YES;
				CLANG_WARN_BLOCK_CAPTURE_AUTORELEASING = YES;
				CLANG_WARN_BOOL_CONVERSION = YES;
				CLANG_WARN_COMMA = YES;
				CLANG_WARN_CONSTANT_CONVERSION = YES;
				CLANG_WARN_DEPRECATED_OBJC_IMPLEMENTATIONS = YES;
				CLANG_WARN_DIRECT_OBJC_ISA_USAGE = YES_ERROR;
				CLANG_WARN_DOCUMENTATION_COMMENTS = YES;
				CLANG_WARN_EMPTY_BODY = YES;
				CLANG_WARN_ENUM_CONVERSION = YES;
				CLANG_WARN_INFINITE_RECURSION = YES;
				CLANG_WARN_INT_CONVERSION = YES;
				CLANG_WARN_NON_LITERAL_NULL_CONVERSION = YES;
				CLANG_WARN_OBJC_IMPLICIT_RETAIN_SELF = YES;
				CLANG_WARN_OBJC_LITERAL_CONVERSION = YES;
				CLANG_WARN_OBJC_ROOT_CLASS = YES_ERROR;
				CLANG_WARN_QUOTED_INCLUDE_IN_FRAMEWORK_HEADER = YES;
				CLANG_WARN_RANGE_LOOP_ANALYSIS = YES;
				CLANG_WARN_STRICT_PROTOTYPES = YES;
				CLANG_WARN_SUSPICIOUS_MOVE = YES;
				CLANG_WARN_UNGUARDED_AVAILABILITY = YES_AGGRESSIVE;
				CLANG_WARN_UNREACHABLE_CODE = YES;
				CLANG_WARN__DUPLICATE_METHOD_MATCH = YES;
				COPY_PHASE_STRIP = NO;
				DEBUG_INFORMATION_FORMAT = "dwarf-with-dsym";
				ENABLE_NS_ASSERTIONS = NO;
				ENABLE_STRICT_OBJC_MSGSEND = YES;
				GCC_C_LANGUAGE_STANDARD = gnu11;
				GCC_NO_COMMON_BLOCKS = YES;
				GCC_WARN_64_TO_32_BIT_CONVERSION = YES;
				GCC_WARN_ABOUT_RETURN_TYPE = YES_ERROR;
				GCC_WARN_UNDECLARED_SELECTOR = YES;
				GCC_WARN_UNINITIALIZED_AUTOS = YES_AGGRESSIVE;
				GCC_WARN_UNUSED_FUNCTION = YES;
				GCC_WARN_UNUSED_VARIABLE = YES;
				MTL_ENABLE_DEBUG_INFO = NO;
				MTL_FAST_MATH = YES;
				SWIFT_COMPILATION_MODE = wholemodule;
				SWIFT_OPTIMIZATION_LEVEL = "-O";
			};
			name = Release;
		};
		185DF39E27F003D10085EDE0 /* Debug */ = {
			isa = XCBuildConfiguration;
			buildSettings = {
				ASSETCATALOG_COMPILER_APPICON_NAME = AppIcon;
				ASSETCATALOG_COMPILER_GLOBAL_ACCENT_COLOR_NAME = AccentColor;
				CODE_SIGN_STYLE = Automatic;
				CURRENT_PROJECT_VERSION = 1;
				DEVELOPMENT_TEAM = Z4M9YA4Y67;
				ENABLE_PREVIEWS = YES;
				GENERATE_INFOPLIST_FILE = YES;
				INFOPLIST_KEY_UIApplicationSceneManifest_Generation = YES;
				INFOPLIST_KEY_UIApplicationSupportsIndirectInputEvents = YES;
				INFOPLIST_KEY_UILaunchScreen_Generation = YES;
				INFOPLIST_KEY_UISupportedInterfaceOrientations_iPad = "UIInterfaceOrientationPortrait UIInterfaceOrientationPortraitUpsideDown UIInterfaceOrientationLandscapeLeft UIInterfaceOrientationLandscapeRight";
				INFOPLIST_KEY_UISupportedInterfaceOrientations_iPhone = "UIInterfaceOrientationPortrait UIInterfaceOrientationLandscapeLeft UIInterfaceOrientationLandscapeRight";
				IPHONEOS_DEPLOYMENT_TARGET = 15.4;
				LD_RUNPATH_SEARCH_PATHS = (
					"$(inherited)",
					"@executable_path/Frameworks",
				);
				MARKETING_VERSION = 1.0;
				PRODUCT_BUNDLE_IDENTIFIER = "fan.yesi.-00Days";
				PRODUCT_NAME = 100Days;
				SDKROOT = iphoneos;
				SWIFT_EMIT_LOC_STRINGS = YES;
				SWIFT_VERSION = 5.0;
				TARGETED_DEVICE_FAMILY = "1,2";
			};
			name = Debug;
		};
		185DF39F27F003D10085EDE0 /* Release */ = {
			isa = XCBuildConfiguration;
			buildSettings = {
				ASSETCATALOG_COMPILER_APPICON_NAME = AppIcon;
				ASSETCATALOG_COMPILER_GLOBAL_ACCENT_COLOR_NAME = AccentColor;
				CODE_SIGN_STYLE = Automatic;
				CURRENT_PROJECT_VERSION = 1;
				DEVELOPMENT_TEAM = Z4M9YA4Y67;
				ENABLE_PREVIEWS = YES;
				GENERATE_INFOPLIST_FILE = YES;
				INFOPLIST_KEY_UIApplicationSceneManifest_Generation = YES;
				INFOPLIST_KEY_UIApplicationSupportsIndirectInputEvents = YES;
				INFOPLIST_KEY_UILaunchScreen_Generation = YES;
				INFOPLIST_KEY_UISupportedInterfaceOrientations_iPad = "UIInterfaceOrientationPortrait UIInterfaceOrientationPortraitUpsideDown UIInterfaceOrientationLandscapeLeft UIInterfaceOrientationLandscapeRight";
				INFOPLIST_KEY_UISupportedInterfaceOrientations_iPhone = "UIInterfaceOrientationPortrait UIInterfaceOrientationLandscapeLeft UIInterfaceOrientationLandscapeRight";
				IPHONEOS_DEPLOYMENT_TARGET = 15.4;
				LD_RUNPATH_SEARCH_PATHS = (
					"$(inherited)",
					"@executable_path/Frameworks",
				);
				MARKETING_VERSION = 1.0;
				PRODUCT_BUNDLE_IDENTIFIER = "fan.yesi.-00Days";
				PRODUCT_NAME = 100Days;
				SDKROOT = iphoneos;
				SWIFT_EMIT_LOC_STRINGS = YES;
				SWIFT_VERSION = 5.0;
				TARGETED_DEVICE_FAMILY = "1,2";
				VALIDATE_PRODUCT = YES;
			};
			name = Release;
		};
		185DF3A127F003D10085EDE0 /* Debug */ = {
			isa = XCBuildConfiguration;
			buildSettings = {
				ASSETCATALOG_COMPILER_APPICON_NAME = AppIcon;
				ASSETCATALOG_COMPILER_GLOBAL_ACCENT_COLOR_NAME = AccentColor;
				CODE_SIGN_ENTITLEMENTS = macOS/macOS.entitlements;
				CODE_SIGN_STYLE = Automatic;
				COMBINE_HIDPI_IMAGES = YES;
				CURRENT_PROJECT_VERSION = 1;
				DEVELOPMENT_TEAM = Z4M9YA4Y67;
				ENABLE_HARDENED_RUNTIME = YES;
				ENABLE_PREVIEWS = YES;
				GENERATE_INFOPLIST_FILE = YES;
				INFOPLIST_KEY_NSHumanReadableCopyright = "";
				LD_RUNPATH_SEARCH_PATHS = (
					"$(inherited)",
					"@executable_path/../Frameworks",
				);
				MACOSX_DEPLOYMENT_TARGET = 12.3;
				MARKETING_VERSION = 1.0;
				PRODUCT_BUNDLE_IDENTIFIER = "fan.yesi.-00Days";
				PRODUCT_NAME = 100Days;
				SDKROOT = macosx;
				SWIFT_EMIT_LOC_STRINGS = YES;
				SWIFT_VERSION = 5.0;
			};
			name = Debug;
		};
		185DF3A227F003D10085EDE0 /* Release */ = {
			isa = XCBuildConfiguration;
			buildSettings = {
				ASSETCATALOG_COMPILER_APPICON_NAME = AppIcon;
				ASSETCATALOG_COMPILER_GLOBAL_ACCENT_COLOR_NAME = AccentColor;
				CODE_SIGN_ENTITLEMENTS = macOS/macOS.entitlements;
				CODE_SIGN_STYLE = Automatic;
				COMBINE_HIDPI_IMAGES = YES;
				CURRENT_PROJECT_VERSION = 1;
				DEVELOPMENT_TEAM = Z4M9YA4Y67;
				ENABLE_HARDENED_RUNTIME = YES;
				ENABLE_PREVIEWS = YES;
				GENERATE_INFOPLIST_FILE = YES;
				INFOPLIST_KEY_NSHumanReadableCopyright = "";
				LD_RUNPATH_SEARCH_PATHS = (
					"$(inherited)",
					"@executable_path/../Frameworks",
				);
				MACOSX_DEPLOYMENT_TARGET = 12.3;
				MARKETING_VERSION = 1.0;
				PRODUCT_BUNDLE_IDENTIFIER = "fan.yesi.-00Days";
				PRODUCT_NAME = 100Days;
				SDKROOT = macosx;
				SWIFT_EMIT_LOC_STRINGS = YES;
				SWIFT_VERSION = 5.0;
			};
			name = Release;
		};
		185DF3A427F003D10085EDE0 /* Debug */ = {
			isa = XCBuildConfiguration;
			buildSettings = {
				ALWAYS_EMBED_SWIFT_STANDARD_LIBRARIES = YES;
				CODE_SIGN_STYLE = Automatic;
				CURRENT_PROJECT_VERSION = 1;
				DEVELOPMENT_TEAM = Z4M9YA4Y67;
				GENERATE_INFOPLIST_FILE = YES;
				IPHONEOS_DEPLOYMENT_TARGET = 15.4;
				MARKETING_VERSION = 1.0;
				PRODUCT_BUNDLE_IDENTIFIER = "fan.yesi.Tests-iOS";
				PRODUCT_NAME = "$(TARGET_NAME)";
				SDKROOT = iphoneos;
				SWIFT_EMIT_LOC_STRINGS = NO;
				SWIFT_VERSION = 5.0;
				TARGETED_DEVICE_FAMILY = "1,2";
				TEST_TARGET_NAME = "100Days (iOS)";
			};
			name = Debug;
		};
		185DF3A527F003D10085EDE0 /* Release */ = {
			isa = XCBuildConfiguration;
			buildSettings = {
				ALWAYS_EMBED_SWIFT_STANDARD_LIBRARIES = YES;
				CODE_SIGN_STYLE = Automatic;
				CURRENT_PROJECT_VERSION = 1;
				DEVELOPMENT_TEAM = Z4M9YA4Y67;
				GENERATE_INFOPLIST_FILE = YES;
				IPHONEOS_DEPLOYMENT_TARGET = 15.4;
				MARKETING_VERSION = 1.0;
				PRODUCT_BUNDLE_IDENTIFIER = "fan.yesi.Tests-iOS";
				PRODUCT_NAME = "$(TARGET_NAME)";
				SDKROOT = iphoneos;
				SWIFT_EMIT_LOC_STRINGS = NO;
				SWIFT_VERSION = 5.0;
				TARGETED_DEVICE_FAMILY = "1,2";
				TEST_TARGET_NAME = "100Days (iOS)";
				VALIDATE_PRODUCT = YES;
			};
			name = Release;
		};
		185DF3A727F003D10085EDE0 /* Debug */ = {
			isa = XCBuildConfiguration;
			buildSettings = {
				ALWAYS_EMBED_SWIFT_STANDARD_LIBRARIES = YES;
				CODE_SIGN_STYLE = Automatic;
				CURRENT_PROJECT_VERSION = 1;
				DEVELOPMENT_TEAM = Z4M9YA4Y67;
				GENERATE_INFOPLIST_FILE = YES;
				MACOSX_DEPLOYMENT_TARGET = 12.3;
				MARKETING_VERSION = 1.0;
				PRODUCT_BUNDLE_IDENTIFIER = "fan.yesi.Tests-macOS";
				PRODUCT_NAME = "$(TARGET_NAME)";
				SDKROOT = macosx;
				SWIFT_EMIT_LOC_STRINGS = NO;
				SWIFT_VERSION = 5.0;
				TEST_TARGET_NAME = "100Days (macOS)";
			};
			name = Debug;
		};
		185DF3A827F003D10085EDE0 /* Release */ = {
			isa = XCBuildConfiguration;
			buildSettings = {
				ALWAYS_EMBED_SWIFT_STANDARD_LIBRARIES = YES;
				CODE_SIGN_STYLE = Automatic;
				CURRENT_PROJECT_VERSION = 1;
				DEVELOPMENT_TEAM = Z4M9YA4Y67;
				GENERATE_INFOPLIST_FILE = YES;
				MACOSX_DEPLOYMENT_TARGET = 12.3;
				MARKETING_VERSION = 1.0;
				PRODUCT_BUNDLE_IDENTIFIER = "fan.yesi.Tests-macOS";
				PRODUCT_NAME = "$(TARGET_NAME)";
				SDKROOT = macosx;
				SWIFT_EMIT_LOC_STRINGS = NO;
				SWIFT_VERSION = 5.0;
				TEST_TARGET_NAME = "100Days (macOS)";
			};
			name = Release;
		};
/* End XCBuildConfiguration section */

/* Begin XCConfigurationList section */
		185DF36B27F003CC0085EDE0 /* Build configuration list for PBXProject "100Days" */ = {
			isa = XCConfigurationList;
			buildConfigurations = (
				185DF39B27F003D10085EDE0 /* Debug */,
				185DF39C27F003D10085EDE0 /* Release */,
			);
			defaultConfigurationIsVisible = 0;
			defaultConfigurationName = Release;
		};
		185DF39D27F003D10085EDE0 /* Build configuration list for PBXNativeTarget "100Days (iOS)" */ = {
			isa = XCConfigurationList;
			buildConfigurations = (
				185DF39E27F003D10085EDE0 /* Debug */,
				185DF39F27F003D10085EDE0 /* Release */,
			);
			defaultConfigurationIsVisible = 0;
			defaultConfigurationName = Release;
		};
		185DF3A027F003D10085EDE0 /* Build configuration list for PBXNativeTarget "100Days (macOS)" */ = {
			isa = XCConfigurationList;
			buildConfigurations = (
				185DF3A127F003D10085EDE0 /* Debug */,
				185DF3A227F003D10085EDE0 /* Release */,
			);
			defaultConfigurationIsVisible = 0;
			defaultConfigurationName = Release;
		};
		185DF3A327F003D10085EDE0 /* Build configuration list for PBXNativeTarget "Tests iOS" */ = {
			isa = XCConfigurationList;
			buildConfigurations = (
				185DF3A427F003D10085EDE0 /* Debug */,
				185DF3A527F003D10085EDE0 /* Release */,
			);
			defaultConfigurationIsVisible = 0;
			defaultConfigurationName = Release;
		};
		185DF3A627F003D10085EDE0 /* Build configuration list for PBXNativeTarget "Tests macOS" */ = {
			isa = XCConfigurationList;
			buildConfigurations = (
				185DF3A727F003D10085EDE0 /* Debug */,
				185DF3A827F003D10085EDE0 /* Release */,
			);
			defaultConfigurationIsVisible = 0;
			defaultConfigurationName = Release;
		};
/* End XCConfigurationList section */
	};
	rootObject = 185DF36827F003CC0085EDE0 /* Project object */;
}
